dependencies:
- name: grafana-agent-operator
  repository: https://grafana.github.io/helm-charts
  version: 0.5.2
- name: rollout-operator
  repository: oci://ghcr.io/grafana/helm-charts
  version: 0.52.0
digest: sha256:627624509132d6766915781909da7be76ac53b2a5fa17a9fb3facdadf27eb460
generated: "2026-09-12T19:43:04.097444-04:00"
